
Microsoft Visual Studio Solution File, Format Version 12.00
# Visual Studio Version 17
VisualStudioVersion = 17.1.32328.378
MinimumVisualStudioVersion = 10.0.40219.1
Project("{FAE04EC0-301F-11D3-BF4B-00C04F79EFBC}") = "stringZadatakzaVjezbu", "stringZadatakzaVjezbu\stringZadatakzaVjezbu.csproj", "{5A66AE53-A197-4602-B110-FA43413259BC}"
EndProject
Global
	GlobalSection(SolutionConfigurationPlatforms) = preSolution
		Debug|Any CPU = Debug|Any CPU
		Release|Any CPU = Release|Any CPU
	EndGlobalSection
	GlobalSection(ProjectConfigurationPlatforms) = postSolution
		{5A66AE53-A197-4602-B110-FA43413259BC}.Debug|Any CPU.ActiveCfg = Debug|Any CPU
		{5A66AE53-A197-4602-B110-FA43413259BC}.Debug|Any CPU.Build.0 = Debug|Any CPU
		{5A66AE53-A197-4602-B110-FA43413259BC}.Release|Any CPU.ActiveCfg = Release|Any CPU
		{5A66AE53-A197-4602-B110-FA43413259BC}.Release|Any CPU.Build.0 = Release|Any CPU
	EndGlobalSection
	GlobalSection(SolutionProperties) = preSolution
		HideSolutionNode = FALSE
	EndGlobalSection
	GlobalSection(ExtensibilityGlobals) = postSolution
		SolutionGuid = {E1CC6BA2-EF9D-4717-9683-A4054BEC243A}
	EndGlobalSection
EndGlobal
